
Microsoft Visual Studio Solution File, Format Version 12.00
# Visual Studio Version 17
VisualStudioVersion = 17.8.34525.116
MinimumVisualStudioVersion = 10.0.40219.1
Project("{FAE04EC0-301F-11D3-BF4B-00C04F79EFBC}") = "seriesWebClient", "seriesWebClient\seriesWebClient.csproj", "{67DF828A-5A7A-45E4-869F-6027EA3BE5DD}"
EndProject
Global
	GlobalSection(SolutionConfigurationPlatforms) = preSolution
		Debug|Any CPU = Debug|Any CPU
		Release|Any CPU = Release|Any CPU
	EndGlobalSection
	GlobalSection(ProjectConfigurationPlatforms) = postSolution
		{67DF828A-5A7A-45E4-869F-6027EA3BE5DD}.Debug|Any CPU.ActiveCfg = Debug|Any CPU
		{67DF828A-5A7A-45E4-869F-6027EA3BE5DD}.Debug|Any CPU.Build.0 = Debug|Any CPU
		{67DF828A-5A7A-45E4-869F-6027EA3BE5DD}.Release|Any CPU.ActiveCfg = Release|Any CPU
		{67DF828A-5A7A-45E4-869F-6027EA3BE5DD}.Release|Any CPU.Build.0 = Release|Any CPU
	EndGlobalSection
	GlobalSection(SolutionProperties) = preSolution
		HideSolutionNode = FALSE
	EndGlobalSection
	GlobalSection(ExtensibilityGlobals) = postSolution
		SolutionGuid = {E7A4AFC4-0C7F-4C58-962B-168A978B8E8E}
	EndGlobalSection
EndGlobal
